
Microsoft Visual Studio Solution File, Format Version 12.00
# Visual Studio Version 16
VisualStudioVersion = 16.0.31410.357
MinimumVisualStudioVersion = 10.0.40219.1
Project("{FAE04EC0-301F-11D3-BF4B-00C04F79EFBC}") = "MVP", "MVP\MVP.csproj", "{0936F773-3579-4424-85C2-66ED8C5509D4}"
EndProject
Global
	GlobalSection(SolutionConfigurationPlatforms) = preSolution
		Debug|Any CPU = Debug|Any CPU
		Release|Any CPU = Release|Any CPU
	EndGlobalSection
	GlobalSection(ProjectConfigurationPlatforms) = postSolution
		{0936F773-3579-4424-85C2-66ED8C5509D4}.Debug|Any CPU.ActiveCfg = Debug|Any CPU
		{0936F773-3579-4424-85C2-66ED8C5509D4}.Debug|Any CPU.Build.0 = Debug|Any CPU
		{0936F773-3579-4424-85C2-66ED8C5509D4}.Release|Any CPU.ActiveCfg = Release|Any CPU
		{0936F773-3579-4424-85C2-66ED8C5509D4}.Release|Any CPU.Build.0 = Release|Any CPU
	EndGlobalSection
	GlobalSection(SolutionProperties) = preSolution
		HideSolutionNode = FALSE
	EndGlobalSection
	GlobalSection(ExtensibilityGlobals) = postSolution
		SolutionGuid = {F8140458-3DF2-404B-B375-633F54D3B5B4}
	EndGlobalSection
EndGlobal
